// !$*UTF8*$!
{
	archiveVersion = 1;
	classes = {
	};
	objectVersion = 50;
	objects = {

/* Begin PBXBuildFile section */
		FA02EDE023276691005E227C /* AppDelegate.swift in Sources */ = {isa = PBXBuildFile; fileRef = FA02EDDF23276691005E227C /* AppDelegate.swift */; };
		FA02EDE223276691005E227C /* ViewController.swift in Sources */ = {isa = PBXBuildFile; fileRef = FA02EDE123276691005E227C /* ViewController.swift */; };
		FA02EDE523276691005E227C /* Main.storyboard in Resources */ = {isa = PBXBuildFile; fileRef = FA02EDE323276691005E227C /* Main.storyboard */; };
		FA02EDE723276692005E227C /* Assets.xcassets in Resources */ = {isa = PBXBuildFile; fileRef = FA02EDE623276692005E227C /* Assets.xcassets */; };
		FA02EDEA23276692005E227C /* LaunchScreen.storyboard in Resources */ = {isa = PBXBuildFile; fileRef = FA02EDE823276692005E227C /* LaunchScreen.storyboard */; };
		FA02EDF523276692005E227C /* TipperTests.swift in Sources */ = {isa = PBXBuildFile; fileRef = FA02EDF423276692005E227C /* TipperTests.swift */; };
		FA02EE0023276692005E227C /* TipperUITests.swift in Sources */ = {isa = PBXBuildFile; fileRef = FA02EDFF23276692005E227C /* TipperUITests.swift */; };
		FADADCC8232F0C76003E3406 /* SettingsViewController.swift in Sources */ = {isa = PBXBuildFile; fileRef = FADADCC7232F0C76003E3406 /* SettingsViewController.swift */; };
/* End PBXBuildFile section */

/* Begin PBXContainerItemProxy section */
		FA02EDF123276692005E227C /* PBXContainerItemProxy */ = {
			isa = PBXContainerItemProxy;
			containerPortal = FA02EDD423276690005E227C /* Project object */;
			proxyType = 1;
			remoteGlobalIDString = FA02EDDB23276690005E227C;
			remoteInfo = Tipper;
		};
		FA02EDFC23276692005E227C /* PBXContainerItemProxy */ = {
			isa = PBXContainerItemProxy;
			containerPortal = FA02EDD423276690005E227C /* Project object */;
			proxyType = 1;
			remoteGlobalIDString = FA02EDDB23276690005E227C;
			remoteInfo = Tipper;
		};
/* End PBXContainerItemProxy section */

/* Begin PBXFileReference section */
		FA02EDDC23276690005E227C /* Tipper.app */ = {isa = PBXFileReference; explicitFileType = wrapper.application; includeInIndex = 0; path = Tipper.app; sourceTree = BUILT_PRODUCTS_DIR; };
		FA02EDDF23276691005E227C /* AppDelegate.swift */ = {isa = PBXFileReference; lastKnownFileType = sourcecode.swift; path = AppDelegate.swift; sourceTree = "<group>"; };
		FA02EDE123276691005E227C /* ViewController.swift */ = {isa = PBXFileReference; lastKnownFileType = sourcecode.swift; path = ViewController.swift; sourceTree = "<group>"; };
		FA02EDE423276691005E227C /* Base */ = {isa = PBXFileReference; lastKnownFileType = file.storyboard; name = Base; path = Base.lproj/Main.storyboard; sourceTree = "<group>"; };
		FA02EDE623276692005E227C /* Assets.xcassets */ = {isa = PBXFileReference; lastKnownFileType = folder.assetcatalog; path = Assets.xcassets; sourceTree = "<group>"; };
		FA02EDE923276692005E227C /* Base */ = {isa = PBXFileReference; lastKnownFileType = file.storyboard; name = Base; path = Base.lproj/LaunchScreen.storyboard; sourceTree = "<group>"; };
		FA02EDEB23276692005E227C /* Info.plist */ = {isa = PBXFileReference; lastKnownFileType = text.plist.xml; path = Info.plist; sourceTree = "<group>"; };
		FA02EDF023276692005E227C /* TipperTests.xctest */ = {isa = PBXFileReference; explicitFileType = wrapper.cfbundle; includeInIndex = 0; path = TipperTests.xctest; sourceTree = BUILT_PRODUCTS_DIR; };
		FA02EDF423276692005E227C /* TipperTests.swift */ = {isa = PBXFileReference; lastKnownFileType = sourcecode.swift; path = TipperTests.swift; sourceTree = "<group>"; };
		FA02EDF623276692005E227C /* Info.plist */ = {isa = PBXFileReference; lastKnownFileType = text.plist.xml; path = Info.plist; sourceTree = "<group>"; };
		FA02EDFB23276692005E227C /* TipperUITests.xctest */ = {isa = PBXFileReference; explicitFileType = wrapper.cfbundle; includeInIndex = 0; path = TipperUITests.xctest; sourceTree = BUILT_PRODUCTS_DIR; };
		FA02EDFF23276692005E227C /* TipperUITests.swift */ = {isa = PBXFileReference; lastKnownFileType = sourcecode.swift; path = TipperUITests.swift; sourceTree = "<group>"; };
		FA02EE0123276692005E227C /* Info.plist */ = {isa = PBXFileReference; lastKnownFileType = text.plist.xml; path = Info.plist; sourceTree = "<group>"; };
		FADADCC7232F0C76003E3406 /* SettingsViewController.swift */ = {isa = PBXFileReference; lastKnownFileType = sourcecode.swift; path = SettingsViewController.swift; sourceTree = "<group>"; };
/* End PBXFileReference section */

/* Begin PBXFrameworksBuildPhase section */
		FA02EDD923276690005E227C /* Frameworks */ = {
			isa = PBXFrameworksBuildPhase;
			buildActionMask = 2147483647;
			files = (
			);
			runOnlyForDeploymentPostprocessing = 0;
		};
		FA02EDED23276692005E227C /* Frameworks */ = {
			isa = PBXFrameworksBuildPhase;
			buildActionMask = 2147483647;
			files = (
			);
			runOnlyForDeploymentPostprocessing = 0;
		};
		FA02EDF823276692005E227C /* Frameworks */ = {
			isa = PBXFrameworksBuildPhase;
			buildActionMask = 2147483647;
			files = (
			);
			runOnlyForDeploymentPostprocessing = 0;
		};
/* End PBXFrameworksBuildPhase section */

/* Begin PBXGroup section */
		FA02EDD323276690005E227C = {
			isa = PBXGroup;
			children = (
				FA02EDDE23276690005E227C /* Tipper */,
				FA02EDF323276692005E227C /* TipperTests */,
				FA02EDFE23276692005E227C /* TipperUITests */,
				FA02EDDD23276690005E227C /* Products */,
			);
			sourceTree = "<group>";
		};
		FA02EDDD23276690005E227C /* Products */ = {
			isa = PBXGroup;
			children = (
				FA02EDDC23276690005E227C /* Tipper.app */,
				FA02EDF023276692005E227C /* TipperTests.xctest */,
				FA02EDFB23276692005E227C /* TipperUITests.xctest */,
			);
			name = Products;
			sourceTree = "<group>";
		};
		FA02EDDE23276690005E227C /* Tipper */ = {
			isa = PBXGroup;
			children = (
				FA02EDDF23276691005E227C /* AppDelegate.swift */,
				FA02EDE123276691005E227C /* ViewController.swift */,
				FA02EDE323276691005E227C /* Main.storyboard */,
				FADADCC7232F0C76003E3406 /* SettingsViewController.swift */,
				FA02EDE623276692005E227C /* Assets.xcassets */,
				FA02EDE823276692005E227C /* LaunchScreen.storyboard */,
				FA02EDEB23276692005E227C /* Info.plist */,
			);
			path = Tipper;
			sourceTree = "<group>";
		};
		FA02EDF323276692005E227C /* TipperTests */ = {
			isa = PBXGroup;
			children = (
				FA02EDF423276692005E227C /* TipperTests.swift */,
				FA02EDF623276692005E227C /* Info.plist */,
			);
			path = TipperTests;
			sourceTree = "<group>";
		};
		FA02EDFE23276692005E227C /* TipperUITests */ = {
			isa = PBXGroup;
			children = (
				FA02EDFF23276692005E227C /* TipperUITests.swift */,
				FA02EE0123276692005E227C /* Info.plist */,
			);
			path = TipperUITests;
			sourceTree = "<group>";
		};
/* End PBXGroup section */

/* Begin PBXNativeTarget section */
		FA02EDDB23276690005E227C /* Tipper */ = {
			isa = PBXNativeTarget;
			buildConfigurationList = FA02EE0423276692005E227C /* Build configuration list for PBXNativeTarget "Tipper" */;
			buildPhases = (
				FA02EDD823276690005E227C /* Sources */,
				FA02EDD923276690005E227C /* Frameworks */,
				FA02EDDA23276690005E227C /* Resources */,
			);
			buildRules = (
			);
			dependencies = (
			);
			name = Tipper;
			productName = Tipper;
			productReference = FA02EDDC23276690005E227C /* Tipper.app */;
			productType = "com.apple.product-type.application";
		};
		FA02EDEF23276692005E227C /* TipperTests */ = {
			isa = PBXNativeTarget;
			buildConfigurationList = FA02EE0723276692005E227C /* Build configuration list for PBXNativeTarget "TipperTests" */;
			buildPhases = (
				FA02EDEC23276692005E227C /* Sources */,
				FA02EDED23276692005E227C /* Frameworks */,
				FA02EDEE23276692005E227C /* Resources */,
			);
			buildRules = (
			);
			dependencies = (
				FA02EDF223276692005E227C /* PBXTargetDependency */,
			);
			name = TipperTests;
			productName = TipperTests;
			productReference = FA02EDF023276692005E227C /* TipperTests.xctest */;
			productType = "com.apple.product-type.bundle.unit-test";
		};
		FA02EDFA23276692005E227C /* TipperUITests */ = {
			isa = PBXNativeTarget;
			buildConfigurationList = FA02EE0A23276692005E227C /* Build configuration list for PBXNativeTarget "TipperUITests" */;
			buildPhases = (
				FA02EDF723276692005E227C /* Sources */,
				FA02EDF823276692005E227C /* Frameworks */,
				FA02EDF923276692005E227C /* Resources */,
			);
			buildRules = (
			);
			dependencies = (
				FA02EDFD23276692005E227C /* PBXTargetDependency */,
			);
			name = TipperUITests;
			productName = TipperUITests;
			productReference = FA02EDFB23276692005E227C /* TipperUITests.xctest */;
			productType = "com.apple.product-type.bundle.ui-testing";
		};
/* End PBXNativeTarget section */

/* Begin PBXProject section */
		FA02EDD423276690005E227C /* Project object */ = {
			isa = PBXProject;
			attributes = {
				LastSwiftUpdateCheck = 1030;
				LastUpgradeCheck = 1030;
				ORGANIZATIONNAME = "Miko James";
				TargetAttributes = {
					FA02EDDB23276690005E227C = {
						CreatedOnToolsVersion = 10.3;
					};
					FA02EDEF23276692005E227C = {
						CreatedOnToolsVersion = 10.3;
						TestTargetID = FA02EDDB23276690005E227C;
					};
					FA02EDFA23276692005E227C = {
						CreatedOnToolsVersion = 10.3;
						TestTargetID = FA02EDDB23276690005E227C;
					};
				};
			};
			buildConfigurationList = FA02EDD723276690005E227C /* Build configuration list for PBXProject "Tipper" */;
			compatibilityVersion = "Xcode 9.3";
			developmentRegion = en;
			hasScannedForEncodings = 0;
			knownRegions = (
				en,
				Base,
			);
			mainGroup = FA02EDD323276690005E227C;
			productRefGroup = FA02EDDD23276690005E227C /* Products */;
			projectDirPath = "";
			projectRoot = "";
			targets = (
				FA02EDDB23276690005E227C /* Tipper */,
				FA02EDEF23276692005E227C /* TipperTests */,
				FA02EDFA23276692005E227C /* TipperUITests */,
			);
		};
/* End PBXProject section */

/* Begin PBXResourcesBuildPhase section */
		FA02EDDA23276690005E227C /* Resources */ = {
			isa = PBXResourcesBuildPhase;
			buildActionMask = 2147483647;
			files = (
				FA02EDEA23276692005E227C /* LaunchScreen.storyboard in Resources */,
				FA02EDE723276692005E227C /* Assets.xcassets in Resources */,
				FA02EDE523276691005E227C /* Main.storyboard in Resources */,
			);
			runOnlyForDeploymentPostprocessing = 0;
		};
		FA02EDEE23276692005E227C /* Resources */ = {
			isa = PBXResourcesBuildPhase;
			buildActionMask = 2147483647;
			files = (
			);
			runOnlyForDeploymentPostprocessing = 0;
		};
		FA02EDF923276692005E227C /* Resources */ = {
			isa = PBXResourcesBuildPhase;
			buildActionMask = 2147483647;
			files = (
			);
			runOnlyForDeploymentPostprocessing = 0;
		};
/* End PBXResourcesBuildPhase section */

/* Begin PBXSourcesBuildPhase section */
		FA02EDD823276690005E227C /* Sources */ = {
			isa = PBXSourcesBuildPhase;
			buildActionMask = 2147483647;
			files = (
				FA02EDE223276691005E227C /* ViewController.swift in Sources */,
				FA02EDE023276691005E227C /* AppDelegate.swift in Sources */,
				FADADCC8232F0C76003E3406 /* SettingsViewController.swift in Sources */,
			);
			runOnlyForDeploymentPostprocessing = 0;
		};
		FA02EDEC23276692005E227C /* Sources */ = {
			isa = PBXSourcesBuildPhase;
			buildActionMask = 2147483647;
			files = (
				FA02EDF523276692005E227C /* TipperTests.swift in Sources */,
			);
			runOnlyForDeploymentPostprocessing = 0;
		};
		FA02EDF723276692005E227C /* Sources */ = {
			isa = PBXSourcesBuildPhase;
			buildActionMask = 2147483647;
			files = (
				FA02EE0023276692005E227C /* TipperUITests.swift in Sources */,
			);
			runOnlyForDeploymentPostprocessing = 0;
		};
/* End PBXSourcesBuildPhase section */

/* Begin PBXTargetDependency section */
		FA02EDF223276692005E227C /* PBXTargetDependency */ = {
			isa = PBXTargetDependency;
			target = FA02EDDB23276690005E227C /* Tipper */;
			targetProxy = FA02EDF123276692005E227C /* PBXContainerItemProxy */;
		};
		FA02EDFD23276692005E227C /* PBXTargetDependency */ = {
			isa = PBXTargetDependency;
			target = FA02EDDB23276690005E227C /* Tipper */;
			targetProxy = FA02EDFC23276692005E227C /* PBXContainerItemProxy */;
		};
/* End PBXTargetDependency section */

/* Begin PBXVariantGroup section */
		FA02EDE323276691005E227C /* Main.storyboard */ = {
			isa = PBXVariantGroup;
			children = (
				FA02EDE423276691005E227C /* Base */,
			);
			name = Main.storyboard;
			sourceTree = "<group>";
		};
		FA02EDE823276692005E227C /* LaunchScreen.storyboard */ = {
			isa = PBXVariantGroup;
			children = (
				FA02EDE923276692005E227C /* Base */,
			);
			name = LaunchScreen.storyboard;
			sourceTree = "<group>";
		};
/* End PBXVariantGroup section */

/* Begin XCBuildConfiguration section */
		FA02EE0223276692005E227C /* Debug */ = {
			isa = XCBuildConfiguration;
			buildSettings = {
				ALWAYS_SEARCH_USER_PATHS = NO;
				CLANG_ANALYZER_NONNULL = YES;
				CLANG_ANALYZER_NUMBER_OBJECT_CONVERSION = YES_AGGRESSIVE;
				CLANG_CXX_LANGUAGE_STANDARD = "gnu++14";
				CLANG_CXX_LIBRARY = "libc++";
				CLANG_ENABLE_MODULES = YES;
				CLANG_ENABLE_OBJC_ARC = YES;
				CLANG_ENABLE_OBJC_WEAK = YES;
				CLANG_WARN_BLOCK_CAPTURE_AUTORELEASING = YES;
				CLANG_WARN_BOOL_CONVERSION = YES;
				CLANG_WARN_COMMA = YES;
				CLANG_WARN_CONSTANT_CONVERSION = YES;
				CLANG_WARN_DEPRECATED_OBJC_IMPLEMENTATIONS = YES;
				CLANG_WARN_DIRECT_OBJC_ISA_USAGE = YES_ERROR;
				CLANG_WARN_DOCUMENTATION_COMMENTS = YES;
				CLANG_WARN_EMPTY_BODY = YES;
				CLANG_WARN_ENUM_CONVERSION = YES;
				CLANG_WARN_INFINITE_RECURSION = YES;
				CLANG_WARN_INT_CONVERSION = YES;
				CLANG_WARN_NON_LITERAL_NULL_CONVERSION = YES;
				CLANG_WARN_OBJC_IMPLICIT_RETAIN_SELF = YES;
				CLANG_WARN_OBJC_LITERAL_CONVERSION = YES;
				CLANG_WARN_OBJC_ROOT_CLASS = YES_ERROR;
				CLANG_WARN_RANGE_LOOP_ANALYSIS = YES;
				CLANG_WARN_STRICT_PROTOTYPES = YES;
				CLANG_WARN_SUSPICIOUS_MOVE = YES;
				CLANG_WARN_UNGUARDED_AVAILABILITY = YES_AGGRESSIVE;
				CLANG_WARN_UNREACHABLE_CODE = YES;
				CLANG_WARN__DUPLICATE_METHOD_MATCH = YES;
				CODE_SIGN_IDENTITY = "iPhone Developer";
				COPY_PHASE_STRIP = NO;
				DEBUG_INFORMATION_FORMAT = dwarf;
				ENABLE_STRICT_OBJC_MSGSEND = YES;
				ENABLE_TESTABILITY = YES;
				GCC_C_LANGUAGE_STANDARD = gnu11;
				GCC_DYNAMIC_NO_PIC = NO;
				GCC_NO_COMMON_BLOCKS = YES;
				GCC_OPTIMIZATION_LEVEL = 0;
				GCC_PREPROCESSOR_DEFINITIONS = (
					"DEBUG=1",
					"$(inherited)",
				);
				GCC_WARN_64_TO_32_BIT_CONVERSION = YES;
				GCC_WARN_ABOUT_RETURN_TYPE = YES_ERROR;
				GCC_WARN_UNDECLARED_SELECTOR = YES;
				GCC_WARN_UNINITIALIZED_AUTOS = YES_AGGRESSIVE;
				GCC_WARN_UNUSED_FUNCTION = YES;
				GCC_WARN_UNUSED_VARIABLE = YES;
				IPHONEOS_DEPLOYMENT_TARGET = 12.4;
				MTL_ENABLE_DEBUG_INFO = INCLUDE_SOURCE;
				MTL_FAST_MATH = YES;
				ONLY_ACTIVE_ARCH = YES;
				SDKROOT = iphoneos;
				SWIFT_ACTIVE_COMPILATION_CONDITIONS = DEBUG;
				SWIFT_OPTIMIZATION_LEVEL = "-Onone";
			};
			name = Debug;
		};
		FA02EE0323276692005E227C /* Release */ = {
			isa = XCBuildConfiguration;
			buildSettings = {
				ALWAYS_SEARCH_USER_PATHS = NO;
				CLANG_ANALYZER_NONNULL = YES;
				CLANG_ANALYZER_NUMBER_OBJECT_CONVERSION = YES_AGGRESSIVE;
				CLANG_CXX_LANGUAGE_STANDARD = "gnu++14";
				CLANG_CXX_LIBRARY = "libc++";
				CLANG_ENABLE_MODULES = YES;
				CLANG_ENABLE_OBJC_ARC = YES;
				CLANG_ENABLE_OBJC_WEAK = YES;
				CLANG_WARN_BLOCK_CAPTURE_AUTORELEASING = YES;
				CLANG_WARN_BOOL_CONVERSION = YES;
				CLANG_WARN_COMMA = YES;
				CLANG_WARN_CONSTANT_CONVERSION = YES;
				CLANG_WARN_DEPRECATED_OBJC_IMPLEMENTATIONS = YES;
				CLANG_WARN_DIRECT_OBJC_ISA_USAGE = YES_ERROR;
				CLANG_WARN_DOCUMENTATION_COMMENTS = YES;
				CLANG_WARN_EMPTY_BODY = YES;
				CLANG_WARN_ENUM_CONVERSION = YES;
				CLANG_WARN_INFINITE_RECURSION = YES;
				CLANG_WARN_INT_CONVERSION = YES;
				CLANG_WARN_NON_LITERAL_NULL_CONVERSION = YES;
				CLANG_WARN_OBJC_IMPLICIT_RETAIN_SELF = YES;
				CLANG_WARN_OBJC_LITERAL_CONVERSION = YES;
				CLANG_WARN_OBJC_ROOT_CLASS = YES_ERROR;
				CLANG_WARN_RANGE_LOOP_ANALYSIS = YES;
				CLANG_WARN_STRICT_PROTOTYPES = YES;
				CLANG_WARN_SUSPICIOUS_MOVE = YES;
				CLANG_WARN_UNGUARDED_AVAILABILITY = YES_AGGRESSIVE;
				CLANG_WARN_UNREACHABLE_CODE = YES;
				CLANG_WARN__DUPLICATE_METHOD_MATCH = YES;
				CODE_SIGN_IDENTITY = "iPhone Developer";
				COPY_PHASE_STRIP = NO;
				DEBUG_INFORMATION_FORMAT = "dwarf-with-dsym";
				ENABLE_NS_ASSERTIONS = NO;
				ENABLE_STRICT_OBJC_MSGSEND = YES;
				GCC_C_LANGUAGE_STANDARD = gnu11;
				GCC_NO_COMMON_BLOCKS = YES;
				GCC_WARN_64_TO_32_BIT_CONVERSION = YES;
				GCC_WARN_ABOUT_RETURN_TYPE = YES_ERROR;
				GCC_WARN_UNDECLARED_SELECTOR = YES;
				GCC_WARN_UNINITIALIZED_AUTOS = YES_AGGRESSIVE;
				GCC_WARN_UNUSED_FUNCTION = YES;
				GCC_WARN_UNUSED_VARIABLE = YES;
				IPHONEOS_DEPLOYMENT_TARGET = 12.4;
				MTL_ENABLE_DEBUG_INFO = NO;
				MTL_FAST_MATH = YES;
				SDKROOT = iphoneos;
				SWIFT_COMPILATION_MODE = wholemodule;
				SWIFT_OPTIMIZATION_LEVEL = "-O";
				VALIDATE_PRODUCT = YES;
			};
			name = Release;
		};
		FA02EE0523276692005E227C /* Debug */ = {
			isa = XCBuildConfiguration;
			buildSettings = {
				ASSETCATALOG_COMPILER_APPICON_NAME = AppIcon;
				CODE_SIGN_STYLE = Automatic;
				DEVELOPMENT_TEAM = 2J4GFFDZNC;
				INFOPLIST_FILE = Tipper/Info.plist;
				LD_RUNPATH_SEARCH_PATHS = (
					"$(inherited)",
					"@executable_path/Frameworks",
				);
				PRODUCT_BUNDLE_IDENTIFIER = KjamsProject.Tipper;
				PRODUCT_NAME = "$(TARGET_NAME)";
				SWIFT_VERSION = 5.0;
				TARGETED_DEVICE_FAMILY = "1,2";
			};
			name = Debug;
		};
		FA02EE0623276692005E227C /* Release */ = {
			isa = XCBuildConfiguration;
			buildSettings = {
				ASSETCATALOG_COMPILER_APPICON_NAME = AppIcon;
				CODE_SIGN_STYLE = Automatic;
				DEVELOPMENT_TEAM = 2J4GFFDZNC;
				INFOPLIST_FILE = Tipper/Info.plist;
				LD_RUNPATH_SEARCH_PATHS = (
					"$(inherited)",
					"@executable_path/Frameworks",
				);
				PRODUCT_BUNDLE_IDENTIFIER = KjamsProject.Tipper;
				PRODUCT_NAME = "$(TARGET_NAME)";
				SWIFT_VERSION = 5.0;
				TARGETED_DEVICE_FAMILY = "1,2";
			};
			name = Release;
		};
		FA02EE0823276692005E227C /* Debug */ = {
			isa = XCBuildConfiguration;
			buildSettings = {
				ALWAYS_EMBED_SWIFT_STANDARD_LIBRARIES = YES;
				BUNDLE_LOADER = "$(TEST_HOST)";
				CODE_SIGN_STYLE = Automatic;
				INFOPLIST_FILE = TipperTests/Info.plist;
				LD_RUNPATH_SEARCH_PATHS = (
					"$(inherited)",
					"@executable_path/Frameworks",
					"@loader_path/Frameworks",
				);
				PRODUCT_BUNDLE_IDENTIFIER = KjamsProject.TipperTests;
				PRODUCT_NAME = "$(TARGET_NAME)";
				SWIFT_VERSION = 5.0;
				TARGETED_DEVICE_FAMILY = "1,2";
				TEST_HOST = "$(BUILT_PRODUCTS_DIR)/Tipper.app/Tipper";
			};
			name = Debug;
		};
		FA02EE0923276692005E227C /* Release */ = {
			isa = XCBuildConfiguration;
			buildSettings = {
				ALWAYS_EMBED_SWIFT_STANDARD_LIBRARIES = YES;
				BUNDLE_LOADER = "$(TEST_HOST)";
				CODE_SIGN_STYLE = Automatic;
				INFOPLIST_FILE = TipperTests/Info.plist;
				LD_RUNPATH_SEARCH_PATHS = (
					"$(inherited)",
					"@executable_path/Frameworks",
					"@loader_path/Frameworks",
				);
				PRODUCT_BUNDLE_IDENTIFIER = KjamsProject.TipperTests;
				PRODUCT_NAME = "$(TARGET_NAME)";
				SWIFT_VERSION = 5.0;
				TARGETED_DEVICE_FAMILY = "1,2";
				TEST_HOST = "$(BUILT_PRODUCTS_DIR)/Tipper.app/Tipper";
			};
			name = Release;
		};
		FA02EE0B23276692005E227C /* Debug */ = {
			isa = XCBuildConfiguration;
			buildSettings = {
				ALWAYS_EMBED_SWIFT_STANDARD_LIBRARIES = YES;
				CODE_SIGN_STYLE = Automatic;
				INFOPLIST_FILE = TipperUITests/Info.plist;
				LD_RUNPATH_SEARCH_PATHS = (
					"$(inherited)",
					"@executable_path/Frameworks",
					"@loader_path/Frameworks",
				);
				PRODUCT_BUNDLE_IDENTIFIER = KjamsProject.TipperUITests;
				PRODUCT_NAME = "$(TARGET_NAME)";
				SWIFT_VERSION = 5.0;
				TARGETED_DEVICE_FAMILY = "1,2";
				TEST_TARGET_NAME = Tipper;
			};
			name = Debug;
		};
		FA02EE0C23276692005E227C /* Release */ = {
			isa = XCBuildConfiguration;
			buildSettings = {
				ALWAYS_EMBED_SWIFT_STANDARD_LIBRARIES = YES;
				CODE_SIGN_STYLE = Automatic;
				INFOPLIST_FILE = TipperUITests/Info.plist;
				LD_RUNPATH_SEARCH_PATHS = (
					"$(inherited)",
					"@executable_path/Frameworks",
					"@loader_path/Frameworks",
				);
				PRODUCT_BUNDLE_IDENTIFIER = KjamsProject.TipperUITests;
				PRODUCT_NAME = "$(TARGET_NAME)";
				SWIFT_VERSION = 5.0;
				TARGETED_DEVICE_FAMILY = "1,2";
				TEST_TARGET_NAME = Tipper;
			};
			name = Release;
		};
/* End XCBuildConfiguration section */

/* Begin XCConfigurationList section */
		FA02EDD723276690005E227C /* Build configuration list for PBXProject "Tipper" */ = {
			isa = XCConfigurationList;
			buildConfigurations = (
				FA02EE0223276692005E227C /* Debug */,
				FA02EE0323276692005E227C /* Release */,
			);
			defaultConfigurationIsVisible = 0;
			defaultConfigurationName = Release;
		};
		FA02EE0423276692005E227C /* Build configuration list for PBXNativeTarget "Tipper" */ = {
			isa = XCConfigurationList;
			buildConfigurations = (
				FA02EE0523276692005E227C /* Debug */,
				FA02EE0623276692005E227C /* Release */,
			);
			defaultConfigurationIsVisible = 0;
			defaultConfigurationName = Release;
		};
		FA02EE0723276692005E227C /* Build configuration list for PBXNativeTarget "TipperTests" */ = {
			isa = XCConfigurationList;
			buildConfigurations = (
				FA02EE0823276692005E227C /* Debug */,
				FA02EE0923276692005E227C /* Release */,
			);
			defaultConfigurationIsVisible = 0;
			defaultConfigurationName = Release;
		};
		FA02EE0A23276692005E227C /* Build configuration list for PBXNativeTarget "TipperUITests" */ = {
			isa = XCConfigurationList;
			buildConfigurations = (
				FA02EE0B23276692005E227C /* Debug */,
				FA02EE0C23276692005E227C /* Release */,
			);
			defaultConfigurationIsVisible = 0;
			defaultConfigurationName = Release;
		};
/* End XCConfigurationList section */
	};
	rootObject = FA02EDD423276690005E227C /* Project object */;
}
